<?xml version="1.0" encoding="utf-8"?>
<Project ToolsVersion="4.0" xmlns="http://schemas.microsoft.com/developer/msbuild/2003">
  <ItemGroup>
    <Filter Include="源文件">
      <UniqueIdentifier>{4FC737F1-C7A5-4376-A066-2A32D752A2FF}</UniqueIdentifier>
      <Extensions>cpp;c;cc;cxx;def;odl;idl;hpj;bat;asm;asmx</Extensions>
    </Filter>
    <Filter Include="头文件">
      <UniqueIdentifier>{93995380-89BD-4b04-88EB-625FBE52EBFB}</UniqueIdentifier>
      <Extensions>h;hh;hpp;hxx;hm;inl;inc;xsd</Extensions>
    </Filter>
    <Filter Include="资源文件">
      <UniqueIdentifier>{67DA6AB6-F800-4c08-8B7A-83BB121AAD01}</UniqueIdentifier>
      <Extensions>rc;ico;cur;bmp;dlg;rc2;rct;bin;rgs;gif;jpg;jpeg;jpe;resx;tiff;tif;png;wav;mfcribbon-ms</Extensions>
    </Filter>
    <Filter Include="头文件\SymLib">
      <UniqueIdentifier>{d062fb43-8cdc-40df-927e-be175b130208}</UniqueIdentifier>
    </Filter>
    <Filter Include="头文件\Module">
      <UniqueIdentifier>{a24e816b-a3dd-4c6b-b452-d39b5e2209b6}</UniqueIdentifier>
    </Filter>
  </ItemGroup>
  <ItemGroup>
    <Text Include="ReadMe.txt" />
  </ItemGroup>
  <ItemGroup>
    <ClInclude Include="stdafx.h">
      <Filter>头文件</Filter>
    </ClInclude>
    <ClInclude Include="targetver.h">
      <Filter>头文件</Filter>
    </ClInclude>
    <ClInclude Include="base.h">
      <Filter>头文件</Filter>
    </ClInclude>
    <ClInclude Include="Capture.h">
      <Filter>头文件</Filter>
    </ClInclude>
    <ClInclude Include="SymbolLinkAttr.h">
      <Filter>头文件\SymLib</Filter>
    </ClInclude>
    <ClInclude Include="SymDataBase.h">
      <Filter>头文件\SymLib</Filter>
    </ClInclude>
    <ClInclude Include="SymolLink.h">
      <Filter>头文件\SymLib</Filter>
    </ClInclude>
    <ClInclude Include="Hearing.h">
      <Filter>头文件\Module</Filter>
    </ClInclude>
    <ClInclude Include="Act.h">
      <Filter>头文件</Filter>
    </ClInclude>
  </ItemGroup>
  <ItemGroup>
    <ClCompile Include="stdafx.cpp">
      <Filter>源文件</Filter>
    </ClCompile>
    <ClCompile Include="win32Consl.cpp">
      <Filter>源文件</Filter>
    </ClCompile>
    <ClCompile Include="Hearing.cpp">
      <Filter>源文件</Filter>
    </ClCompile>
    <ClCompile Include="Capture.cpp">
      <Filter>源文件</Filter>
    </ClCompile>
    <ClCompile Include="Act.cpp">
      <Filter>源文件</Filter>
    </ClCompile>
  </ItemGroup>
</Project>